
Microsoft Visual Studio Solution File, Format Version 12.00
# Visual Studio Version 16
VisualStudioVersion = 16.0.31515.178
MinimumVisualStudioVersion = 10.0.40219.1
Project("{9A19103F-16F7-4668-BE54-9A1E7A4F7556}") = "Bank.API", "Bank.API\Bank.API.csproj", "{21860F82-97F7-4288-B631-228E8FA27C13}"
EndProject
Project("{9A19103F-16F7-4668-BE54-9A1E7A4F7556}") = "Bank.Data", "Bank.Data\Bank.Data.csproj", "{5D14449A-57F2-4F09-B143-6F1FFCB763BB}"
EndProject
Global
	GlobalSection(SolutionConfigurationPlatforms) = preSolution
		Debug|Any CPU = Debug|Any CPU
		Release|Any CPU = Release|Any CPU
	EndGlobalSection
	GlobalSection(ProjectConfigurationPlatforms) = postSolution
		{21860F82-97F7-4288-B631-228E8FA27C13}.Debug|Any CPU.ActiveCfg = Debug|Any CPU
		{21860F82-97F7-4288-B631-228E8FA27C13}.Debug|Any CPU.Build.0 = Debug|Any CPU
		{21860F82-97F7-4288-B631-228E8FA27C13}.Release|Any CPU.ActiveCfg = Release|Any CPU
		{21860F82-97F7-4288-B631-228E8FA27C13}.Release|Any CPU.Build.0 = Release|Any CPU
		{5D14449A-57F2-4F09-B143-6F1FFCB763BB}.Debug|Any CPU.ActiveCfg = Debug|Any CPU
		{5D14449A-57F2-4F09-B143-6F1FFCB763BB}.Debug|Any CPU.Build.0 = Debug|Any CPU
		{5D14449A-57F2-4F09-B143-6F1FFCB763BB}.Release|Any CPU.ActiveCfg = Release|Any CPU
		{5D14449A-57F2-4F09-B143-6F1FFCB763BB}.Release|Any CPU.Build.0 = Release|Any CPU
	EndGlobalSection
	GlobalSection(SolutionProperties) = preSolution
		HideSolutionNode = FALSE
	EndGlobalSection
	GlobalSection(ExtensibilityGlobals) = postSolution
		SolutionGuid = {2568E253-577A-416C-BA9E-EE70B27C231C}
	EndGlobalSection
EndGlobal
